
Microsoft Visual Studio Solution File, Format Version 12.00
# Visual Studio Version 16
VisualStudioVersion = 16.0.29519.181
MinimumVisualStudioVersion = 10.0.40219.1
Project("{9A19103F-16F7-4668-BE54-9A1E7A4F7556}") = "Akeem.Web.Tools", "Akeem.Web.Tools.csproj", "{5943EB01-098E-4AEC-9D78-9A89C76498D4}"
EndProject
Project("{FAE04EC0-301F-11D3-BF4B-00C04F79EFBC}") = "Akeem.Web.CommonUtils", "..\Akeem.Web.CommonUtils\Akeem.Web.CommonUtils.csproj", "{76364A83-3BAC-4AC5-8F49-C0CB2369D468}"
EndProject
Global
	GlobalSection(SolutionConfigurationPlatforms) = preSolution
		Debug|Any CPU = Debug|Any CPU
		Release|Any CPU = Release|Any CPU
	EndGlobalSection
	GlobalSection(ProjectConfigurationPlatforms) = postSolution
		{5943EB01-098E-4AEC-9D78-9A89C76498D4}.Debug|Any CPU.ActiveCfg = Debug|Any CPU
		{5943EB01-098E-4AEC-9D78-9A89C76498D4}.Debug|Any CPU.Build.0 = Debug|Any CPU
		{5943EB01-098E-4AEC-9D78-9A89C76498D4}.Release|Any CPU.ActiveCfg = Release|Any CPU
		{5943EB01-098E-4AEC-9D78-9A89C76498D4}.Release|Any CPU.Build.0 = Release|Any CPU
		{76364A83-3BAC-4AC5-8F49-C0CB2369D468}.Debug|Any CPU.ActiveCfg = Debug|Any CPU
		{76364A83-3BAC-4AC5-8F49-C0CB2369D468}.Debug|Any CPU.Build.0 = Debug|Any CPU
		{76364A83-3BAC-4AC5-8F49-C0CB2369D468}.Release|Any CPU.ActiveCfg = Release|Any CPU
		{76364A83-3BAC-4AC5-8F49-C0CB2369D468}.Release|Any CPU.Build.0 = Release|Any CPU
	EndGlobalSection
	GlobalSection(SolutionProperties) = preSolution
		HideSolutionNode = FALSE
	EndGlobalSection
	GlobalSection(ExtensibilityGlobals) = postSolution
		SolutionGuid = {FED77C9E-3385-4EF1-83A7-9DEE1780AE58}
	EndGlobalSection
EndGlobal
